
Microsoft Visual Studio Solution File, Format Version 12.00
# Visual Studio Version 17
VisualStudioVersion = 17.1.32228.430
MinimumVisualStudioVersion = 10.0.40219.1
Project("{FAE04EC0-301F-11D3-BF4B-00C04F79EFBC}") = "ChargingStation", "ChargingStation.csproj", "{7373A986-B9CC-4240-B915-E33DA6D48CEF}"
EndProject
Project("{FAE04EC0-301F-11D3-BF4B-00C04F79EFBC}") = "ChargingStationTest", "..\ChargingStationTest\ChargingStationTest.csproj", "{0A60D1E5-612D-4412-B6B4-B73A5ABCBEA8}"
EndProject
Global
	GlobalSection(SolutionConfigurationPlatforms) = preSolution
		Debug|Any CPU = Debug|Any CPU
		Release|Any CPU = Release|Any CPU
	EndGlobalSection
	GlobalSection(ProjectConfigurationPlatforms) = postSolution
		{7373A986-B9CC-4240-B915-E33DA6D48CEF}.Debug|Any CPU.ActiveCfg = Debug|Any CPU
		{7373A986-B9CC-4240-B915-E33DA6D48CEF}.Debug|Any CPU.Build.0 = Debug|Any CPU
		{7373A986-B9CC-4240-B915-E33DA6D48CEF}.Release|Any CPU.ActiveCfg = Release|Any CPU
		{7373A986-B9CC-4240-B915-E33DA6D48CEF}.Release|Any CPU.Build.0 = Release|Any CPU
		{0A60D1E5-612D-4412-B6B4-B73A5ABCBEA8}.Debug|Any CPU.ActiveCfg = Debug|Any CPU
		{0A60D1E5-612D-4412-B6B4-B73A5ABCBEA8}.Debug|Any CPU.Build.0 = Debug|Any CPU
		{0A60D1E5-612D-4412-B6B4-B73A5ABCBEA8}.Release|Any CPU.ActiveCfg = Release|Any CPU
		{0A60D1E5-612D-4412-B6B4-B73A5ABCBEA8}.Release|Any CPU.Build.0 = Release|Any CPU
	EndGlobalSection
	GlobalSection(SolutionProperties) = preSolution
		HideSolutionNode = FALSE
	EndGlobalSection
	GlobalSection(ExtensibilityGlobals) = postSolution
		SolutionGuid = {1BB04E4E-F8AF-4D70-849D-9D290AF6F37C}
	EndGlobalSection
EndGlobal
